
Microsoft Visual Studio Solution File, Format Version 12.00
# Visual Studio Version 16
VisualStudioVersion = 16.0.30717.126
MinimumVisualStudioVersion = 10.0.40219.1
Project("{FAE04EC0-301F-11D3-BF4B-00C04F79EFBC}") = "ServiceBus.RequestReply.Sample2", "src/ServiceBus.RequestReply.Sample2\ServiceBus.RequestReply.Sample2.csproj", "{E2139032-B275-4CDE-A25E-323CBF81B988}"
EndProject
Global
	GlobalSection(SolutionConfigurationPlatforms) = preSolution
		Debug|Any CPU = Debug|Any CPU
		Release|Any CPU = Release|Any CPU
	EndGlobalSection
	GlobalSection(ProjectConfigurationPlatforms) = postSolution
		{E2139032-B275-4CDE-A25E-323CBF81B988}.Debug|Any CPU.ActiveCfg = Debug|Any CPU
		{E2139032-B275-4CDE-A25E-323CBF81B988}.Debug|Any CPU.Build.0 = Debug|Any CPU
		{E2139032-B275-4CDE-A25E-323CBF81B988}.Release|Any CPU.ActiveCfg = Release|Any CPU
		{E2139032-B275-4CDE-A25E-323CBF81B988}.Release|Any CPU.Build.0 = Release|Any CPU
	EndGlobalSection
	GlobalSection(SolutionProperties) = preSolution
		HideSolutionNode = FALSE
	EndGlobalSection
	GlobalSection(ExtensibilityGlobals) = postSolution
		SolutionGuid = {3A181CFC-E8AE-4C36-9D02-C83F526E9CB2}
	EndGlobalSection
EndGlobal
